// !$*UTF8*$!
{
	archiveVersion = 1;
	classes = {
	};
	objectVersion = 50;
	objects = {

/* Begin PBXBuildFile section */
		D097BCBE22582B6C00D81DC8 /* AppDelegate.swift in Sources */ = {isa = PBXBuildFile; fileRef = D097BCBD22582B6C00D81DC8 /* AppDelegate.swift */; };
		D097BCC022582B6C00D81DC8 /* ViewController.swift in Sources */ = {isa = PBXBuildFile; fileRef = D097BCBF22582B6C00D81DC8 /* ViewController.swift */; };
		D097BCC322582B6C00D81DC8 /* Main.storyboard in Resources */ = {isa = PBXBuildFile; fileRef = D097BCC122582B6C00D81DC8 /* Main.storyboard */; };
		D097BCC522582B6E00D81DC8 /* Assets.xcassets in Resources */ = {isa = PBXBuildFile; fileRef = D097BCC422582B6E00D81DC8 /* Assets.xcassets */; };
		D097BCC822582B6E00D81DC8 /* LaunchScreen.storyboard in Resources */ = {isa = PBXBuildFile; fileRef = D097BCC622582B6E00D81DC8 /* LaunchScreen.storyboard */; };
		D097BCD322582B6E00D81DC8 /* Number_GameTests.swift in Sources */ = {isa = PBXBuildFile; fileRef = D097BCD222582B6E00D81DC8 /* Number_GameTests.swift */; };
		D097BCDE22582B6E00D81DC8 /* Number_GameUITests.swift in Sources */ = {isa = PBXBuildFile; fileRef = D097BCDD22582B6E00D81DC8 /* Number_GameUITests.swift */; };
/* End PBXBuildFile section */

/* Begin PBXContainerItemProxy section */
		D097BCCF22582B6E00D81DC8 /* PBXContainerItemProxy */ = {
			isa = PBXContainerItemProxy;
			containerPortal = D097BCB222582B6C00D81DC8 /* Project object */;
			proxyType = 1;
			remoteGlobalIDString = D097BCB922582B6C00D81DC8;
			remoteInfo = "Number Game";
		};
		D097BCDA22582B6E00D81DC8 /* PBXContainerItemProxy */ = {
			isa = PBXContainerItemProxy;
			containerPortal = D097BCB222582B6C00D81DC8 /* Project object */;
			proxyType = 1;
			remoteGlobalIDString = D097BCB922582B6C00D81DC8;
			remoteInfo = "Number Game";
		};
/* End PBXContainerItemProxy section */

/* Begin PBXFileReference section */
		D097BCBA22582B6C00D81DC8 /* Number Game.app */ = {isa = PBXFileReference; explicitFileType = wrapper.application; includeInIndex = 0; path = "Number Game.app"; sourceTree = BUILT_PRODUCTS_DIR; };
		D097BCBD22582B6C00D81DC8 /* AppDelegate.swift */ = {isa = PBXFileReference; lastKnownFileType = sourcecode.swift; path = AppDelegate.swift; sourceTree = "<group>"; };
		D097BCBF22582B6C00D81DC8 /* ViewController.swift */ = {isa = PBXFileReference; lastKnownFileType = sourcecode.swift; path = ViewController.swift; sourceTree = "<group>"; };
		D097BCC222582B6C00D81DC8 /* Base */ = {isa = PBXFileReference; lastKnownFileType = file.storyboard; name = Base; path = Base.lproj/Main.storyboard; sourceTree = "<group>"; };
		D097BCC422582B6E00D81DC8 /* Assets.xcassets */ = {isa = PBXFileReference; lastKnownFileType = folder.assetcatalog; path = Assets.xcassets; sourceTree = "<group>"; };
		D097BCC722582B6E00D81DC8 /* Base */ = {isa = PBXFileReference; lastKnownFileType = file.storyboard; name = Base; path = Base.lproj/LaunchScreen.storyboard; sourceTree = "<group>"; };
		D097BCC922582B6E00D81DC8 /* Info.plist */ = {isa = PBXFileReference; lastKnownFileType = text.plist.xml; path = Info.plist; sourceTree = "<group>"; };
		D097BCCE22582B6E00D81DC8 /* Number GameTests.xctest */ = {isa = PBXFileReference; explicitFileType = wrapper.cfbundle; includeInIndex = 0; path = "Number GameTests.xctest"; sourceTree = BUILT_PRODUCTS_DIR; };
		D097BCD222582B6E00D81DC8 /* Number_GameTests.swift */ = {isa = PBXFileReference; lastKnownFileType = sourcecode.swift; path = Number_GameTests.swift; sourceTree = "<group>"; };
		D097BCD422582B6E00D81DC8 /* Info.plist */ = {isa = PBXFileReference; lastKnownFileType = text.plist.xml; path = Info.plist; sourceTree = "<group>"; };
		D097BCD922582B6E00D81DC8 /* Number GameUITests.xctest */ = {isa = PBXFileReference; explicitFileType = wrapper.cfbundle; includeInIndex = 0; path = "Number GameUITests.xctest"; sourceTree = BUILT_PRODUCTS_DIR; };
		D097BCDD22582B6E00D81DC8 /* Number_GameUITests.swift */ = {isa = PBXFileReference; lastKnownFileType = sourcecode.swift; path = Number_GameUITests.swift; sourceTree = "<group>"; };
		D097BCDF22582B6E00D81DC8 /* Info.plist */ = {isa = PBXFileReference; lastKnownFileType = text.plist.xml; path = Info.plist; sourceTree = "<group>"; };
/* End PBXFileReference section */

/* Begin PBXFrameworksBuildPhase section */
		D097BCB722582B6C00D81DC8 /* Frameworks */ = {
			isa = PBXFrameworksBuildPhase;
			buildActionMask = 2147483647;
			files = (
			);
			runOnlyForDeploymentPostprocessing = 0;
		};
		D097BCCB22582B6E00D81DC8 /* Frameworks */ = {
			isa = PBXFrameworksBuildPhase;
			buildActionMask = 2147483647;
			files = (
			);
			runOnlyForDeploymentPostprocessing = 0;
		};
		D097BCD622582B6E00D81DC8 /* Frameworks */ = {
			isa = PBXFrameworksBuildPhase;
			buildActionMask = 2147483647;
			files = (
			);
			runOnlyForDeploymentPostprocessing = 0;
		};
/* End PBXFrameworksBuildPhase section */

/* Begin PBXGroup section */
		D097BCB122582B6C00D81DC8 = {
			isa = PBXGroup;
			children = (
				D097BCBC22582B6C00D81DC8 /* Number Game */,
				D097BCD122582B6E00D81DC8 /* Number GameTests */,
				D097BCDC22582B6E00D81DC8 /* Number GameUITests */,
				D097BCBB22582B6C00D81DC8 /* Products */,
			);
			sourceTree = "<group>";
		};
		D097BCBB22582B6C00D81DC8 /* Products */ = {
			isa = PBXGroup;
			children = (
				D097BCBA22582B6C00D81DC8 /* Number Game.app */,
				D097BCCE22582B6E00D81DC8 /* Number GameTests.xctest */,
				D097BCD922582B6E00D81DC8 /* Number GameUITests.xctest */,
			);
			name = Products;
			sourceTree = "<group>";
		};
		D097BCBC22582B6C00D81DC8 /* Number Game */ = {
			isa = PBXGroup;
			children = (
				D097BCBD22582B6C00D81DC8 /* AppDelegate.swift */,
				D097BCBF22582B6C00D81DC8 /* ViewController.swift */,
				D097BCC122582B6C00D81DC8 /* Main.storyboard */,
				D097BCC422582B6E00D81DC8 /* Assets.xcassets */,
				D097BCC622582B6E00D81DC8 /* LaunchScreen.storyboard */,
				D097BCC922582B6E00D81DC8 /* Info.plist */,
			);
			path = "Number Game";
			sourceTree = "<group>";
		};
		D097BCD122582B6E00D81DC8 /* Number GameTests */ = {
			isa = PBXGroup;
			children = (
				D097BCD222582B6E00D81DC8 /* Number_GameTests.swift */,
				D097BCD422582B6E00D81DC8 /* Info.plist */,
			);
			path = "Number GameTests";
			sourceTree = "<group>";
		};
		D097BCDC22582B6E00D81DC8 /* Number GameUITests */ = {
			isa = PBXGroup;
			children = (
				D097BCDD22582B6E00D81DC8 /* Number_GameUITests.swift */,
				D097BCDF22582B6E00D81DC8 /* Info.plist */,
			);
			path = "Number GameUITests";
			sourceTree = "<group>";
		};
/* End PBXGroup section */

/* Begin PBXNativeTarget section */
		D097BCB922582B6C00D81DC8 /* Number Game */ = {
			isa = PBXNativeTarget;
			buildConfigurationList = D097BCE222582B6E00D81DC8 /* Build configuration list for PBXNativeTarget "Number Game" */;
			buildPhases = (
				D097BCB622582B6C00D81DC8 /* Sources */,
				D097BCB722582B6C00D81DC8 /* Frameworks */,
				D097BCB822582B6C00D81DC8 /* Resources */,
			);
			buildRules = (
			);
			dependencies = (
			);
			name = "Number Game";
			productName = "Number Game";
			productReference = D097BCBA22582B6C00D81DC8 /* Number Game.app */;
			productType = "com.apple.product-type.application";
		};
		D097BCCD22582B6E00D81DC8 /* Number GameTests */ = {
			isa = PBXNativeTarget;
			buildConfigurationList = D097BCE522582B6E00D81DC8 /* Build configuration list for PBXNativeTarget "Number GameTests" */;
			buildPhases = (
				D097BCCA22582B6E00D81DC8 /* Sources */,
				D097BCCB22582B6E00D81DC8 /* Frameworks */,
				D097BCCC22582B6E00D81DC8 /* Resources */,
			);
			buildRules = (
			);
			dependencies = (
				D097BCD022582B6E00D81DC8 /* PBXTargetDependency */,
			);
			name = "Number GameTests";
			productName = "Number GameTests";
			productReference = D097BCCE22582B6E00D81DC8 /* Number GameTests.xctest */;
			productType = "com.apple.product-type.bundle.unit-test";
		};
		D097BCD822582B6E00D81DC8 /* Number GameUITests */ = {
			isa = PBXNativeTarget;
			buildConfigurationList = D097BCE822582B6E00D81DC8 /* Build configuration list for PBXNativeTarget "Number GameUITests" */;
			buildPhases = (
				D097BCD522582B6E00D81DC8 /* Sources */,
				D097BCD622582B6E00D81DC8 /* Frameworks */,
				D097BCD722582B6E00D81DC8 /* Resources */,
			);
			buildRules = (
			);
			dependencies = (
				D097BCDB22582B6E00D81DC8 /* PBXTargetDependency */,
			);
			name = "Number GameUITests";
			productName = "Number GameUITests";
			productReference = D097BCD922582B6E00D81DC8 /* Number GameUITests.xctest */;
			productType = "com.apple.product-type.bundle.ui-testing";
		};
/* End PBXNativeTarget section */

/* Begin PBXProject section */
		D097BCB222582B6C00D81DC8 /* Project object */ = {
			isa = PBXProject;
			attributes = {
				LastSwiftUpdateCheck = 1010;
				LastUpgradeCheck = 1010;
				ORGANIZATIONNAME = "Justin Trautner";
				TargetAttributes = {
					D097BCB922582B6C00D81DC8 = {
						CreatedOnToolsVersion = 10.1;
					};
					D097BCCD22582B6E00D81DC8 = {
						CreatedOnToolsVersion = 10.1;
						TestTargetID = D097BCB922582B6C00D81DC8;
					};
					D097BCD822582B6E00D81DC8 = {
						CreatedOnToolsVersion = 10.1;
						TestTargetID = D097BCB922582B6C00D81DC8;
					};
				};
			};
			buildConfigurationList = D097BCB522582B6C00D81DC8 /* Build configuration list for PBXProject "Number Game" */;
			compatibilityVersion = "Xcode 9.3";
			developmentRegion = en;
			hasScannedForEncodings = 0;
			knownRegions = (
				en,
				Base,
			);
			mainGroup = D097BCB122582B6C00D81DC8;
			productRefGroup = D097BCBB22582B6C00D81DC8 /* Products */;
			projectDirPath = "";
			projectRoot = "";
			targets = (
				D097BCB922582B6C00D81DC8 /* Number Game */,
				D097BCCD22582B6E00D81DC8 /* Number GameTests */,
				D097BCD822582B6E00D81DC8 /* Number GameUITests */,
			);
		};
/* End PBXProject section */

/* Begin PBXResourcesBuildPhase section */
		D097BCB822582B6C00D81DC8 /* Resources */ = {
			isa = PBXResourcesBuildPhase;
			buildActionMask = 2147483647;
			files = (
				D097BCC822582B6E00D81DC8 /* LaunchScreen.storyboard in Resources */,
				D097BCC522582B6E00D81DC8 /* Assets.xcassets in Resources */,
				D097BCC322582B6C00D81DC8 /* Main.storyboard in Resources */,
			);
			runOnlyForDeploymentPostprocessing = 0;
		};
		D097BCCC22582B6E00D81DC8 /* Resources */ = {
			isa = PBXResourcesBuildPhase;
			buildActionMask = 2147483647;
			files = (
			);
			runOnlyForDeploymentPostprocessing = 0;
		};
		D097BCD722582B6E00D81DC8 /* Resources */ = {
			isa = PBXResourcesBuildPhase;
			buildActionMask = 2147483647;
			files = (
			);
			runOnlyForDeploymentPostprocessing = 0;
		};
/* End PBXResourcesBuildPhase section */

/* Begin PBXSourcesBuildPhase section */
		D097BCB622582B6C00D81DC8 /* Sources */ = {
			isa = PBXSourcesBuildPhase;
			buildActionMask = 2147483647;
			files = (
				D097BCC022582B6C00D81DC8 /* ViewController.swift in Sources */,
				D097BCBE22582B6C00D81DC8 /* AppDelegate.swift in Sources */,
			);
			runOnlyForDeploymentPostprocessing = 0;
		};
		D097BCCA22582B6E00D81DC8 /* Sources */ = {
			isa = PBXSourcesBuildPhase;
			buildActionMask = 2147483647;
			files = (
				D097BCD322582B6E00D81DC8 /* Number_GameTests.swift in Sources */,
			);
			runOnlyForDeploymentPostprocessing = 0;
		};
		D097BCD522582B6E00D81DC8 /* Sources */ = {
			isa = PBXSourcesBuildPhase;
			buildActionMask = 2147483647;
			files = (
				D097BCDE22582B6E00D81DC8 /* Number_GameUITests.swift in Sources */,
			);
			runOnlyForDeploymentPostprocessing = 0;
		};
/* End PBXSourcesBuildPhase section */

/* Begin PBXTargetDependency section */
		D097BCD022582B6E00D81DC8 /* PBXTargetDependency */ = {
			isa = PBXTargetDependency;
			target = D097BCB922582B6C00D81DC8 /* Number Game */;
			targetProxy = D097BCCF22582B6E00D81DC8 /* PBXContainerItemProxy */;
		};
		D097BCDB22582B6E00D81DC8 /* PBXTargetDependency */ = {
			isa = PBXTargetDependency;
			target = D097BCB922582B6C00D81DC8 /* Number Game */;
			targetProxy = D097BCDA22582B6E00D81DC8 /* PBXContainerItemProxy */;
		};
/* End PBXTargetDependency section */

/* Begin PBXVariantGroup section */
		D097BCC122582B6C00D81DC8 /* Main.storyboard */ = {
			isa = PBXVariantGroup;
			children = (
				D097BCC222582B6C00D81DC8 /* Base */,
			);
			name = Main.storyboard;
			sourceTree = "<group>";
		};
		D097BCC622582B6E00D81DC8 /* LaunchScreen.storyboard */ = {
			isa = PBXVariantGroup;
			children = (
				D097BCC722582B6E00D81DC8 /* Base */,
			);
			name = LaunchScreen.storyboard;
			sourceTree = "<group>";
		};
/* End PBXVariantGroup section */

/* Begin XCBuildConfiguration section */
		D097BCE022582B6E00D81DC8 /* Debug */ = {
			isa = XCBuildConfiguration;
			buildSettings = {
				ALWAYS_SEARCH_USER_PATHS = NO;
				CLANG_ANALYZER_NONNULL = YES;
				CLANG_ANALYZER_NUMBER_OBJECT_CONVERSION = YES_AGGRESSIVE;
				CLANG_CXX_LANGUAGE_STANDARD = "gnu++14";
				CLANG_CXX_LIBRARY = "libc++";
				CLANG_ENABLE_MODULES = YES;
				CLANG_ENABLE_OBJC_ARC = YES;
				CLANG_ENABLE_OBJC_WEAK = YES;
				CLANG_WARN_BLOCK_CAPTURE_AUTORELEASING = YES;
				CLANG_WARN_BOOL_CONVERSION = YES;
				CLANG_WARN_COMMA = YES;
				CLANG_WARN_CONSTANT_CONVERSION = YES;
				CLANG_WARN_DEPRECATED_OBJC_IMPLEMENTATIONS = YES;
				CLANG_WARN_DIRECT_OBJC_ISA_USAGE = YES_ERROR;
				CLANG_WARN_DOCUMENTATION_COMMENTS = YES;
				CLANG_WARN_EMPTY_BODY = YES;
				CLANG_WARN_ENUM_CONVERSION = YES;
				CLANG_WARN_INFINITE_RECURSION = YES;
				CLANG_WARN_INT_CONVERSION = YES;
				CLANG_WARN_NON_LITERAL_NULL_CONVERSION = YES;
				CLANG_WARN_OBJC_IMPLICIT_RETAIN_SELF = YES;
				CLANG_WARN_OBJC_LITERAL_CONVERSION = YES;
				CLANG_WARN_OBJC_ROOT_CLASS = YES_ERROR;
				CLANG_WARN_RANGE_LOOP_ANALYSIS = YES;
				CLANG_WARN_STRICT_PROTOTYPES = YES;
				CLANG_WARN_SUSPICIOUS_MOVE = YES;
				CLANG_WARN_UNGUARDED_AVAILABILITY = YES_AGGRESSIVE;
				CLANG_WARN_UNREACHABLE_CODE = YES;
				CLANG_WARN__DUPLICATE_METHOD_MATCH = YES;
				CODE_SIGN_IDENTITY = "iPhone Developer";
				COPY_PHASE_STRIP = NO;
				DEBUG_INFORMATION_FORMAT = dwarf;
				ENABLE_STRICT_OBJC_MSGSEND = YES;
				ENABLE_TESTABILITY = YES;
				GCC_C_LANGUAGE_STANDARD = gnu11;
				GCC_DYNAMIC_NO_PIC = NO;
				GCC_NO_COMMON_BLOCKS = YES;
				GCC_OPTIMIZATION_LEVEL = 0;
				GCC_PREPROCESSOR_DEFINITIONS = (
					"DEBUG=1",
					"$(inherited)",
				);
				GCC_WARN_64_TO_32_BIT_CONVERSION = YES;
				GCC_WARN_ABOUT_RETURN_TYPE = YES_ERROR;
				GCC_WARN_UNDECLARED_SELECTOR = YES;
				GCC_WARN_UNINITIALIZED_AUTOS = YES_AGGRESSIVE;
				GCC_WARN_UNUSED_FUNCTION = YES;
				GCC_WARN_UNUSED_VARIABLE = YES;
				IPHONEOS_DEPLOYMENT_TARGET = 12.1;
				MTL_ENABLE_DEBUG_INFO = INCLUDE_SOURCE;
				MTL_FAST_MATH = YES;
				ONLY_ACTIVE_ARCH = YES;
				SDKROOT = iphoneos;
				SWIFT_ACTIVE_COMPILATION_CONDITIONS = DEBUG;
				SWIFT_OPTIMIZATION_LEVEL = "-Onone";
			};
			name = Debug;
		};
		D097BCE122582B6E00D81DC8 /* Release */ = {
			isa = XCBuildConfiguration;
			buildSettings = {
				ALWAYS_SEARCH_USER_PATHS = NO;
				CLANG_ANALYZER_NONNULL = YES;
				CLANG_ANALYZER_NUMBER_OBJECT_CONVERSION = YES_AGGRESSIVE;
				CLANG_CXX_LANGUAGE_STANDARD = "gnu++14";
				CLANG_CXX_LIBRARY = "libc++";
				CLANG_ENABLE_MODULES = YES;
				CLANG_ENABLE_OBJC_ARC = YES;
				CLANG_ENABLE_OBJC_WEAK = YES;
				CLANG_WARN_BLOCK_CAPTURE_AUTORELEASING = YES;
				CLANG_WARN_BOOL_CONVERSION = YES;
				CLANG_WARN_COMMA = YES;
				CLANG_WARN_CONSTANT_CONVERSION = YES;
				CLANG_WARN_DEPRECATED_OBJC_IMPLEMENTATIONS = YES;
				CLANG_WARN_DIRECT_OBJC_ISA_USAGE = YES_ERROR;
				CLANG_WARN_DOCUMENTATION_COMMENTS = YES;
				CLANG_WARN_EMPTY_BODY = YES;
				CLANG_WARN_ENUM_CONVERSION = YES;
				CLANG_WARN_INFINITE_RECURSION = YES;
				CLANG_WARN_INT_CONVERSION = YES;
				CLANG_WARN_NON_LITERAL_NULL_CONVERSION = YES;
				CLANG_WARN_OBJC_IMPLICIT_RETAIN_SELF = YES;
				CLANG_WARN_OBJC_LITERAL_CONVERSION = YES;
				CLANG_WARN_OBJC_ROOT_CLASS = YES_ERROR;
				CLANG_WARN_RANGE_LOOP_ANALYSIS = YES;
				CLANG_WARN_STRICT_PROTOTYPES = YES;
				CLANG_WARN_SUSPICIOUS_MOVE = YES;
				CLANG_WARN_UNGUARDED_AVAILABILITY = YES_AGGRESSIVE;
				CLANG_WARN_UNREACHABLE_CODE = YES;
				CLANG_WARN__DUPLICATE_METHOD_MATCH = YES;
				CODE_SIGN_IDENTITY = "iPhone Developer";
				COPY_PHASE_STRIP = NO;
				DEBUG_INFORMATION_FORMAT = "dwarf-with-dsym";
				ENABLE_NS_ASSERTIONS = NO;
				ENABLE_STRICT_OBJC_MSGSEND = YES;
				GCC_C_LANGUAGE_STANDARD = gnu11;
				GCC_NO_COMMON_BLOCKS = YES;
				GCC_WARN_64_TO_32_BIT_CONVERSION = YES;
				GCC_WARN_ABOUT_RETURN_TYPE = YES_ERROR;
				GCC_WARN_UNDECLARED_SELECTOR = YES;
				GCC_WARN_UNINITIALIZED_AUTOS = YES_AGGRESSIVE;
				GCC_WARN_UNUSED_FUNCTION = YES;
				GCC_WARN_UNUSED_VARIABLE = YES;
				IPHONEOS_DEPLOYMENT_TARGET = 12.1;
				MTL_ENABLE_DEBUG_INFO = NO;
				MTL_FAST_MATH = YES;
				SDKROOT = iphoneos;
				SWIFT_COMPILATION_MODE = wholemodule;
				SWIFT_OPTIMIZATION_LEVEL = "-O";
				VALIDATE_PRODUCT = YES;
			};
			name = Release;
		};
		D097BCE322582B6E00D81DC8 /* Debug */ = {
			isa = XCBuildConfiguration;
			buildSettings = {
				ASSETCATALOG_COMPILER_APPICON_NAME = AppIcon;
				CODE_SIGN_STYLE = Automatic;
				INFOPLIST_FILE = "Number Game/Info.plist";
				LD_RUNPATH_SEARCH_PATHS = (
					"$(inherited)",
					"@executable_path/Frameworks",
				);
				PRODUCT_BUNDLE_IDENTIFIER = "com.justin.Number-Game";
				PRODUCT_NAME = "$(TARGET_NAME)";
				SWIFT_VERSION = 4.2;
				TARGETED_DEVICE_FAMILY = "1,2";
			};
			name = Debug;
		};
		D097BCE422582B6E00D81DC8 /* Release */ = {
			isa = XCBuildConfiguration;
			buildSettings = {
				ASSETCATALOG_COMPILER_APPICON_NAME = AppIcon;
				CODE_SIGN_STYLE = Automatic;
				INFOPLIST_FILE = "Number Game/Info.plist";
				LD_RUNPATH_SEARCH_PATHS = (
					"$(inherited)",
					"@executable_path/Frameworks",
				);
				PRODUCT_BUNDLE_IDENTIFIER = "com.justin.Number-Game";
				PRODUCT_NAME = "$(TARGET_NAME)";
				SWIFT_VERSION = 4.2;
				TARGETED_DEVICE_FAMILY = "1,2";
			};
			name = Release;
		};
		D097BCE622582B6E00D81DC8 /* Debug */ = {
			isa = XCBuildConfiguration;
			buildSettings = {
				ALWAYS_EMBED_SWIFT_STANDARD_LIBRARIES = YES;
				BUNDLE_LOADER = "$(TEST_HOST)";
				CODE_SIGN_STYLE = Automatic;
				INFOPLIST_FILE = "Number GameTests/Info.plist";
				LD_RUNPATH_SEARCH_PATHS = (
					"$(inherited)",
					"@executable_path/Frameworks",
					"@loader_path/Frameworks",
				);
				PRODUCT_BUNDLE_IDENTIFIER = "com.justin.Number-GameTests";
				PRODUCT_NAME = "$(TARGET_NAME)";
				SWIFT_VERSION = 4.2;
				TARGETED_DEVICE_FAMILY = "1,2";
				TEST_HOST = "$(BUILT_PRODUCTS_DIR)/Number Game.app/Number Game";
			};
			name = Debug;
		};
		D097BCE722582B6E00D81DC8 /* Release */ = {
			isa = XCBuildConfiguration;
			buildSettings = {
				ALWAYS_EMBED_SWIFT_STANDARD_LIBRARIES = YES;
				BUNDLE_LOADER = "$(TEST_HOST)";
				CODE_SIGN_STYLE = Automatic;
				INFOPLIST_FILE = "Number GameTests/Info.plist";
				LD_RUNPATH_SEARCH_PATHS = (
					"$(inherited)",
					"@executable_path/Frameworks",
					"@loader_path/Frameworks",
				);
				PRODUCT_BUNDLE_IDENTIFIER = "com.justin.Number-GameTests";
				PRODUCT_NAME = "$(TARGET_NAME)";
				SWIFT_VERSION = 4.2;
				TARGETED_DEVICE_FAMILY = "1,2";
				TEST_HOST = "$(BUILT_PRODUCTS_DIR)/Number Game.app/Number Game";
			};
			name = Release;
		};
		D097BCE922582B6E00D81DC8 /* Debug */ = {
			isa = XCBuildConfiguration;
			buildSettings = {
				ALWAYS_EMBED_SWIFT_STANDARD_LIBRARIES = YES;
				CODE_SIGN_STYLE = Automatic;
				INFOPLIST_FILE = "Number GameUITests/Info.plist";
				LD_RUNPATH_SEARCH_PATHS = (
					"$(inherited)",
					"@executable_path/Frameworks",
					"@loader_path/Frameworks",
				);
				PRODUCT_BUNDLE_IDENTIFIER = "com.justin.Number-GameUITests";
				PRODUCT_NAME = "$(TARGET_NAME)";
				SWIFT_VERSION = 4.2;
				TARGETED_DEVICE_FAMILY = "1,2";
				TEST_TARGET_NAME = "Number Game";
			};
			name = Debug;
		};
		D097BCEA22582B6E00D81DC8 /* Release */ = {
			isa = XCBuildConfiguration;
			buildSettings = {
				ALWAYS_EMBED_SWIFT_STANDARD_LIBRARIES = YES;
				CODE_SIGN_STYLE = Automatic;
				INFOPLIST_FILE = "Number GameUITests/Info.plist";
				LD_RUNPATH_SEARCH_PATHS = (
					"$(inherited)",
					"@executable_path/Frameworks",
					"@loader_path/Frameworks",
				);
				PRODUCT_BUNDLE_IDENTIFIER = "com.justin.Number-GameUITests";
				PRODUCT_NAME = "$(TARGET_NAME)";
				SWIFT_VERSION = 4.2;
				TARGETED_DEVICE_FAMILY = "1,2";
				TEST_TARGET_NAME = "Number Game";
			};
			name = Release;
		};
/* End XCBuildConfiguration section */

/* Begin XCConfigurationList section */
		D097BCB522582B6C00D81DC8 /* Build configuration list for PBXProject "Number Game" */ = {
			isa = XCConfigurationList;
			buildConfigurations = (
				D097BCE022582B6E00D81DC8 /* Debug */,
				D097BCE122582B6E00D81DC8 /* Release */,
			);
			defaultConfigurationIsVisible = 0;
			defaultConfigurationName = Release;
		};
		D097BCE222582B6E00D81DC8 /* Build configuration list for PBXNativeTarget "Number Game" */ = {
			isa = XCConfigurationList;
			buildConfigurations = (
				D097BCE322582B6E00D81DC8 /* Debug */,
				D097BCE422582B6E00D81DC8 /* Release */,
			);
			defaultConfigurationIsVisible = 0;
			defaultConfigurationName = Release;
		};
		D097BCE522582B6E00D81DC8 /* Build configuration list for PBXNativeTarget "Number GameTests" */ = {
			isa = XCConfigurationList;
			buildConfigurations = (
				D097BCE622582B6E00D81DC8 /* Debug */,
				D097BCE722582B6E00D81DC8 /* Release */,
			);
			defaultConfigurationIsVisible = 0;
			defaultConfigurationName = Release;
		};
		D097BCE822582B6E00D81DC8 /* Build configuration list for PBXNativeTarget "Number GameUITests" */ = {
			isa = XCConfigurationList;
			buildConfigurations = (
				D097BCE922582B6E00D81DC8 /* Debug */,
				D097BCEA22582B6E00D81DC8 /* Release */,
			);
			defaultConfigurationIsVisible = 0;
			defaultConfigurationName = Release;
		};
/* End XCConfigurationList section */
	};
	rootObject = D097BCB222582B6C00D81DC8 /* Project object */;
}
